{
	"name": "@yophon/tau-cli",
	"version": "0.1.0",
	"lockfileVersion": 3,
	"requires": true,
	"packages": {
		"": {
			"name": "@yophon/tau-cli",
			"version": "0.1.0",
			"license": "MIT",
			"dependencies": {
				"@earendil-works/pi-tui": "0.80.3",
				"@yophon/tau-host-node": "^0.1.0",
				"@yophon/tau-kernel": "^0.1.0"
			},
			"bin": {
				"tau": "./dist/main.js"
			},
			"engines": {
				"node": ">=22.19.0"
			}
		},
		"node_modules/@earendil-works/pi-tui": {
			"version": "0.80.3",
			"resolved": "https://registry.npmjs.org/@earendil-works/pi-tui/-/pi-tui-0.80.3.tgz",
			"integrity": "sha512-2BJI6qwRQfnM0Q7seL1+SbacU/jRRjBnN7Hu3n9BjAn7/s5FaBNnvdD1qBQYRsFTHfjqMaDsjYqanPyqwXj99w==",
			"license": "MIT",
			"dependencies": {
				"get-east-asian-width": "1.6.0",
				"marked": "18.0.5"
			},
			"engines": {
				"node": ">=22.19.0"
			}
		},
		"node_modules/@yophon/tau-host-node": {
			"version": "0.1.0",
			"resolved": "https://registry.npmjs.org/@yophon/tau-host-node/-/tau-host-node-0.1.0.tgz",
			"license": "MIT",
			"dependencies": {
				"@yophon/tau-kernel": "^0.1.0"
			}
		},
		"node_modules/@yophon/tau-kernel": {
			"version": "0.1.0",
			"resolved": "https://registry.npmjs.org/@yophon/tau-kernel/-/tau-kernel-0.1.0.tgz",
			"license": "MIT"
		},
		"node_modules/get-east-asian-width": {
			"version": "1.6.0",
			"resolved": "https://registry.npmjs.org/get-east-asian-width/-/get-east-asian-width-1.6.0.tgz",
			"integrity": "sha512-QRbvDIbx6YklUe6RxeTeleMR0yv3cYH6PsPZHcnVn7xv7zO1BHN8r0XETu8n6Ye3Q+ahtSarc3WgtNWmehIBfA==",
			"license": "MIT",
			"engines": {
				"node": ">=18"
			},
			"funding": {
				"url": "https://github.com/sponsors/sindresorhus"
			}
		},
		"node_modules/marked": {
			"version": "18.0.5",
			"resolved": "https://registry.npmjs.org/marked/-/marked-18.0.5.tgz",
			"integrity": "sha512-S6GcvALHg6K4ohtu4E7x0a1AqhAjp6cV8KhLSyN9qVapnzJkusVBxZRcIU9AeYsbe6P1hKDusSbEOzGyyuce6w==",
			"license": "MIT",
			"bin": {
				"marked": "bin/marked.js"
			},
			"engines": {
				"node": ">= 20"
			}
		}
	}
}
